
Microsoft Visual Studio Solution File, Format Version 12.00
# Visual Studio Version 17
VisualStudioVersion = 17.8.34322.80
MinimumVisualStudioVersion = 10.0.40219.1
Project("{9A19103F-16F7-4668-BE54-9A1E7A4F7556}") = "Pintureria Acuarela", "Pinturería Acuarela\Pintureria Acuarela.csproj", "{EDFD52D6-9DF9-4BCE-8545-3253659D0996}"
EndProject
Global
	GlobalSection(SolutionConfigurationPlatforms) = preSolution
		Debug|Any CPU = Debug|Any CPU
		Release|Any CPU = Release|Any CPU
	EndGlobalSection
	GlobalSection(ProjectConfigurationPlatforms) = postSolution
		{EDFD52D6-9DF9-4BCE-8545-3253659D0996}.Debug|Any CPU.ActiveCfg = Debug|Any CPU
		{EDFD52D6-9DF9-4BCE-8545-3253659D0996}.Debug|Any CPU.Build.0 = Debug|Any CPU
		{EDFD52D6-9DF9-4BCE-8545-3253659D0996}.Release|Any CPU.ActiveCfg = Release|Any CPU
		{EDFD52D6-9DF9-4BCE-8545-3253659D0996}.Release|Any CPU.Build.0 = Release|Any CPU
	EndGlobalSection
	GlobalSection(SolutionProperties) = preSolution
		HideSolutionNode = FALSE
	EndGlobalSection
	GlobalSection(ExtensibilityGlobals) = postSolution
		SolutionGuid = {7B65BADE-49D2-4444-A0B0-4D75EAA939AE}
	EndGlobalSection
EndGlobal
